Microsoft Visual Studio Solution File, Format Version 12.00
# Visual Studio Version 17
VisualStudioVersion = 17.5.2.0
MinimumVisualStudioVersion = 10.0.40219.1
Project("{FAE04EC0-301F-11D3-BF4B-00C04F79EFBC}") = "fns_and_dsa", "fns_and_dsa.csproj", "{8C8693A3-295C-8798-D47C-8C8DA1B72826}"
EndProject
Global
	GlobalSection(SolutionConfigurationPlatforms) = preSolution
		Debug|Any CPU = Debug|Any CPU
		Release|Any CPU = Release|Any CPU
	EndGlobalSection
	GlobalSection(ProjectConfigurationPlatforms) = postSolution
		{8C8693A3-295C-8798-D47C-8C8DA1B72826}.Debug|Any CPU.ActiveCfg = Debug|Any CPU
		{8C8693A3-295C-8798-D47C-8C8DA1B72826}.Debug|Any CPU.Build.0 = Debug|Any CPU
		{8C8693A3-295C-8798-D47C-8C8DA1B72826}.Release|Any CPU.ActiveCfg = Release|Any CPU
		{8C8693A3-295C-8798-D47C-8C8DA1B72826}.Release|Any CPU.Build.0 = Release|Any CPU
	EndGlobalSection
	GlobalSection(SolutionProperties) = preSolution
		HideSolutionNode = FALSE
	EndGlobalSection
	GlobalSection(ExtensibilityGlobals) = postSolution
		SolutionGuid = {FA6C1B6B-F89D-4419-8DE9-5250A21476AB}
	EndGlobalSection
EndGlobal
